
Microsoft Visual Studio Solution File, Format Version 12.00
# Visual Studio 15
VisualStudioVersion = 15.0.36101.20
MinimumVisualStudioVersion = 10.0.40219.1
Project("{FAE04EC0-301F-11D3-BF4B-00C04F79EFBC}") = "Project1", "Project1\Project1.csproj", "{4155727A-A735-4257-B641-3B470451A85E}"
EndProject
Global
	GlobalSection(SolutionConfigurationPlatforms) = preSolution
		Debug|Any CPU = Debug|Any CPU
		form1.cs|Any CPU = form1.cs|Any CPU
		Release|Any CPU = Release|Any CPU
	EndGlobalSection
	GlobalSection(ProjectConfigurationPlatforms) = postSolution
		{4155727A-A735-4257-B641-3B470451A85E}.Debug|Any CPU.ActiveCfg = Debug|Any CPU
		{4155727A-A735-4257-B641-3B470451A85E}.Debug|Any CPU.Build.0 = Debug|Any CPU
		{4155727A-A735-4257-B641-3B470451A85E}.form1.cs|Any CPU.ActiveCfg = form1.cs|Any CPU
		{4155727A-A735-4257-B641-3B470451A85E}.form1.cs|Any CPU.Build.0 = form1.cs|Any CPU
		{4155727A-A735-4257-B641-3B470451A85E}.Release|Any CPU.ActiveCfg = Release|Any CPU
		{4155727A-A735-4257-B641-3B470451A85E}.Release|Any CPU.Build.0 = Release|Any CPU
	EndGlobalSection
	GlobalSection(SolutionProperties) = preSolution
		HideSolutionNode = FALSE
	EndGlobalSection
	GlobalSection(ExtensibilityGlobals) = postSolution
		SolutionGuid = {2CFFD833-CBCA-4873-A9B0-2A0560A3465B}
	EndGlobalSection
EndGlobal
